
Microsoft Visual Studio Solution File, Format Version 12.00
# Visual Studio Version 17
VisualStudioVersion = 17.5.33530.505
MinimumVisualStudioVersion = 10.0.40219.1
Project("{FAE04EC0-301F-11D3-BF4B-00C04F79EFBC}") = "WebApplication1", "WebApplication1\WebApplication1.csproj", "{F342A55E-1C48-4033-8BC0-500E8598CA00}"
EndProject
Global
	GlobalSection(SolutionConfigurationPlatforms) = preSolution
		Debug|Any CPU = Debug|Any CPU
		Release|Any CPU = Release|Any CPU
	EndGlobalSection
	GlobalSection(ProjectConfigurationPlatforms) = postSolution
		{F342A55E-1C48-4033-8BC0-500E8598CA00}.Debug|Any CPU.ActiveCfg = Debug|Any CPU
		{F342A55E-1C48-4033-8BC0-500E8598CA00}.Debug|Any CPU.Build.0 = Debug|Any CPU
		{F342A55E-1C48-4033-8BC0-500E8598CA00}.Release|Any CPU.ActiveCfg = Release|Any CPU
		{F342A55E-1C48-4033-8BC0-500E8598CA00}.Release|Any CPU.Build.0 = Release|Any CPU
	EndGlobalSection
	GlobalSection(SolutionProperties) = preSolution
		HideSolutionNode = FALSE
	EndGlobalSection
	GlobalSection(ExtensibilityGlobals) = postSolution
		SolutionGuid = {65EB6323-1BF6-40B8-884C-AC62FC5945A0}
	EndGlobalSection
EndGlobal
